
Microsoft Visual Studio Solution File, Format Version 12.00
# Visual Studio Version 16
VisualStudioVersion = 16.0.810.11
MinimumVisualStudioVersion = 10.0.40219.1
Project("{FAE04EC0-301F-11D3-BF4B-00C04F79EFBC}") = "Wallet.WEB", "Wallet.WEB\Wallet.WEB.csproj", "{29A64B92-C9E5-4F29-BBE7-0540EE16BBDD}"
EndProject
Project("{FAE04EC0-301F-11D3-BF4B-00C04F79EFBC}") = "Wallet.DAL", "Wallet.DAL\Wallet.DAL.csproj", "{06B21A11-894A-456B-BFC6-6EC03E3A510E}"
EndProject
Project("{FAE04EC0-301F-11D3-BF4B-00C04F79EFBC}") = "Wallet.BLL", "Wallet.BLL\Wallet.BLL.csproj", "{1724E1E3-3B0F-4E16-B4EF-1AB5BAFD190A}"
EndProject
Project("{2150E333-8FDC-42A3-9474-1A3956D46DE8}") = "Solution Items", "Solution Items", "{557141E3-B4AB-4096-8959-0A397CDBB5FE}"
	ProjectSection(SolutionItems) = preProject
		entrypoint.sh = entrypoint.sh
		docker-compose.yml = docker-compose.yml
		Dockerfile = Dockerfile
	EndProjectSection
EndProject
Project("{FAE04EC0-301F-11D3-BF4B-00C04F79EFBC}") = "Controllers.Tests", "Controllers.Tests\Controllers.Tests.csproj", "{060496D3-B471-4E42-9066-9DBA0ABC3132}"
EndProject
Global
	GlobalSection(SolutionConfigurationPlatforms) = preSolution
		Debug|Any CPU = Debug|Any CPU
		Release|Any CPU = Release|Any CPU
	EndGlobalSection
	GlobalSection(ProjectConfigurationPlatforms) = postSolution
		{29A64B92-C9E5-4F29-BBE7-0540EE16BBDD}.Debug|Any CPU.ActiveCfg = Debug|Any CPU
		{29A64B92-C9E5-4F29-BBE7-0540EE16BBDD}.Debug|Any CPU.Build.0 = Debug|Any CPU
		{29A64B92-C9E5-4F29-BBE7-0540EE16BBDD}.Release|Any CPU.ActiveCfg = Release|Any CPU
		{29A64B92-C9E5-4F29-BBE7-0540EE16BBDD}.Release|Any CPU.Build.0 = Release|Any CPU
		{06B21A11-894A-456B-BFC6-6EC03E3A510E}.Debug|Any CPU.ActiveCfg = Debug|Any CPU
		{06B21A11-894A-456B-BFC6-6EC03E3A510E}.Debug|Any CPU.Build.0 = Debug|Any CPU
		{06B21A11-894A-456B-BFC6-6EC03E3A510E}.Release|Any CPU.ActiveCfg = Release|Any CPU
		{06B21A11-894A-456B-BFC6-6EC03E3A510E}.Release|Any CPU.Build.0 = Release|Any CPU
		{1724E1E3-3B0F-4E16-B4EF-1AB5BAFD190A}.Debug|Any CPU.ActiveCfg = Debug|Any CPU
		{1724E1E3-3B0F-4E16-B4EF-1AB5BAFD190A}.Debug|Any CPU.Build.0 = Debug|Any CPU
		{1724E1E3-3B0F-4E16-B4EF-1AB5BAFD190A}.Release|Any CPU.ActiveCfg = Release|Any CPU
		{1724E1E3-3B0F-4E16-B4EF-1AB5BAFD190A}.Release|Any CPU.Build.0 = Release|Any CPU
		{060496D3-B471-4E42-9066-9DBA0ABC3132}.Debug|Any CPU.ActiveCfg = Debug|Any CPU
		{060496D3-B471-4E42-9066-9DBA0ABC3132}.Debug|Any CPU.Build.0 = Debug|Any CPU
		{060496D3-B471-4E42-9066-9DBA0ABC3132}.Release|Any CPU.ActiveCfg = Release|Any CPU
		{060496D3-B471-4E42-9066-9DBA0ABC3132}.Release|Any CPU.Build.0 = Release|Any CPU
	EndGlobalSection
	GlobalSection(SolutionProperties) = preSolution
		HideSolutionNode = FALSE
	EndGlobalSection
	GlobalSection(ExtensibilityGlobals) = postSolution
		SolutionGuid = {E10A7E1B-2D9E-4162-92DC-0AA1A9619992}
	EndGlobalSection
EndGlobal
